
Microsoft Visual Studio Solution File, Format Version 12.00
# Visual Studio Version 17
VisualStudioVersion = 17.0.31912.275
MinimumVisualStudioVersion = 10.0.40219.1
Project("{FAE04EC0-301F-11D3-BF4B-00C04F79EFBC}") = "TI", "TI.csproj", "{2D524029-167C-4F03-9FD1-1D6301403806}"
EndProject
Global
	GlobalSection(SolutionConfigurationPlatforms) = preSolution
		Debug|Any CPU = Debug|Any CPU
		Release|Any CPU = Release|Any CPU
	EndGlobalSection
	GlobalSection(ProjectConfigurationPlatforms) = postSolution
		{2D524029-167C-4F03-9FD1-1D6301403806}.Debug|Any CPU.ActiveCfg = Debug|Any CPU
		{2D524029-167C-4F03-9FD1-1D6301403806}.Debug|Any CPU.Build.0 = Debug|Any CPU
		{2D524029-167C-4F03-9FD1-1D6301403806}.Release|Any CPU.ActiveCfg = Release|Any CPU
		{2D524029-167C-4F03-9FD1-1D6301403806}.Release|Any CPU.Build.0 = Release|Any CPU
	EndGlobalSection
	GlobalSection(SolutionProperties) = preSolution
		HideSolutionNode = FALSE
	EndGlobalSection
	GlobalSection(ExtensibilityGlobals) = postSolution
		SolutionGuid = {310D0454-BB40-4A2A-ADAD-9665F45746B7}
	EndGlobalSection
EndGlobal
